version = 1
revision = 3
requires-python = ">=3.14"

[[package]]
name = "altgraph"
version = "0.17.5"
source = { registry = "https://mirrors.aliyun.com/pypi/simple/" }
sdist = { url = "https://mirrors.aliyun.com/pypi/packages/7e/f8/97fdf103f38fed6792a1601dbc16cc8aac56e7459a9fff08c812d8ae177a/altgraph-0.17.5.tar.gz", hash = "sha256:c87b395dd12fabde9c99573a9749d67da8d29ef9de0125c7f536699b4a9bc9e7" }
wheels = [
    { url = "https://mirrors.aliyun.com/pypi/packages/a9/ba/000a1996d4308bc65120167c21241a3b205464a2e0b58deda26ae8ac21d1/altgraph-0.17.5-py2.py3-none-any.whl", hash = "sha256:f3a22400bce1b0c701683820ac4f3b159cd301acab067c51c653e06961600597" },
]

[[package]]
name = "anyio"
version = "4.15.1"
source = { registry = "https://mirrors.aliyun.com/pypi/simple/" }
dependencies = [
    { name = "idna" },
    { name = "typing-extensions", marker = "python_full_version < '3.15'" },
]
sdist = { url = "https://mirrors.aliyun.com/pypi/packages/a9/d2/f4d173e22df740bc37b1db102b386ba719b66e95b0f0d751f556b387e6d2/anyio-4.15.1.tar.gz", hash = "sha256:9f28306018cbd6d329e64a36d58256edff76dd996fe423bc957326e578b82a94" }
wheels = [
    { url = "https://mirrors.aliyun.com/pypi/packages/12/b8/4bd346e22b28902df4d651910f5242c28d84e4a5c2435ca5c3f797ed7e2e/anyio-4.15.1-py3-none-any.whl", hash = "sha256:6152fdbbf9a77fdec97731721bebf7c4c44f7c29b424b0065826173efc7ed101" },
]

[[package]]
name = "certifi"
version = "2026.7.22"
source = { registry = "https://mirrors.aliyun.com/pypi/simple/" }
sdist = { url = "https://mirrors.aliyun.com/pypi/packages/a3/c2/24167ea9858356b47a87a50d39908bfdb72ceeefe0041586e704e5376b3a/certifi-2026.7.22.tar.gz", hash = "sha256:741e2c3b351ddf169a738da9f2c048608ff7f2c5cc02f1ebc6b118bb090d5d55" }
wheels = [
    { url = "https://mirrors.aliyun.com/pypi/packages/0b/a7/71ac2cff56fec219ed242bb11b8efb69fcc4bec75db06fb7bfe35de520e6/certifi-2026.7.22-py3-none-any.whl", hash = "sha256:62f22742b58a1a33014a2b6b706588a8d7e2a88ae7bd1a6ebe8c992928483775" },
]

[[package]]
name = "dns-tools"
version = "0.3.0"
source = { editable = "." }
dependencies = [
    { name = "dnspython", extra = ["doh"] },
    { name = "pyside6" },
]

[package.dev-dependencies]
dev = [
    { name = "pyinstaller" },
]

[package.metadata]
requires-dist = [
    { name = "dnspython", extras = ["doh"], specifier = ">=2.8.0" },
    { name = "pyside6", specifier = ">=6.12.0" },
]

[package.metadata.requires-dev]
dev = [{ name = "pyinstaller", specifier = ">=6.22.3" }]

[[package]]
name = "dnspython"
version = "2.8.0"
source = { registry = "https://mirrors.aliyun.com/pypi/simple/" }
sdist = { url = "https://mirrors.aliyun.com/pypi/packages/8c/8b/57666417c0f90f08bcafa776861060426765fdb422eb10212086fb811d26/dnspython-2.8.0.tar.gz", hash = "sha256:181d3c6996452cb1189c4046c61599b84a5a86e099562ffde77d26984ff26d0f" }
wheels = [
    { url = "https://mirrors.aliyun.com/pypi/packages/ba/5a/18ad964b0086c6e62e2e7500f7edc89e3faa45033c71c1893d34eed2b2de/dnspython-2.8.0-py3-none-any.whl", hash = "sha256:01d9bbc4a2d76bf0db7c1f729812ded6d912bd318d3b1cf81d30c0f845dbf3af" },
]

[package.optional-dependencies]
doh = [
    { name = "h2" },
    { name = "httpcore" },
    { name = "httpx" },
]

[[package]]
name = "h11"
version = "0.16.0"
source = { registry = "https://mirrors.aliyun.com/pypi/simple/" }
sdist = { url = "https://mirrors.aliyun.com/pypi/packages/01/ee/02a2c011bdab74c6fb3c75474d40b3052059d95df7e73351460c8588d963/h11-0.16.0.tar.gz", hash = "sha256:4e35b956cf45792e4caa5885e69fba00bdbc6ffafbfa020300e549b208ee5ff1" }
wheels = [
    { url = "https://mirrors.aliyun.com/pypi/packages/04/4b/29cac41a4d98d144bf5f6d33995617b185d14b22401f75ca86f384e87ff1/h11-0.16.0-py3-none-any.whl", hash = "sha256:63cf8bbe7522de3bf65932fda1d9c2772064ffb3dae62d55932da54b31cb6c86" },
]

[[package]]
name = "h2"
version = "4.4.1"
source = { registry = "https://mirrors.aliyun.com/pypi/simple/" }
dependencies = [
    { name = "hpack" },
    { name = "hyperframe" },
]
sdist = { url = "https://mirrors.aliyun.com/pypi/packages/e7/85/7c366e69d84c17bb778fe41419e1fbcce3033d5b7ce29bbffff0a98b859f/h2-4.4.1.tar.gz", hash = "sha256:4e866ffb1a869ae14dd9b5e6beb5c24a13da0495ad72b65925ded182521c1516" }
wheels = [
    { url = "https://mirrors.aliyun.com/pypi/packages/7e/22/e85faf23bd72a92d1921e37d674ca56eb298a3c8be31fdecef0ff2b3aaac/h2-4.4.1-py3-none-any.whl", hash = "sha256:0e25f1462b23c9cb82d9eb02e28bc706dac2a68cb457c6a0d74d63c8a2a5d0e6" },
]

[[package]]
name = "hpack"
version = "4.2.0"
source = { registry = "https://mirrors.aliyun.com/pypi/simple/" }
sdist = { url = "https://mirrors.aliyun.com/pypi/packages/26/5b/fcabf6028144a8723726318b07a32c2f3314acdff6265743cf08a344b18e/hpack-4.2.0.tar.gz", hash = "sha256:0895cfa3b5531fc65fe439c05eb65144f123bf7a394fcaa56aa423548d8e45c0" }
wheels = [
    { url = "https://mirrors.aliyun.com/pypi/packages/71/b4/4a9fcfb2aef6ba44d9073ecd301443aa00b3dac95de5619f2a7de7ec8a91/hpack-4.2.0-py3-none-any.whl", hash = "sha256:858ac0b02280fa582b5080d68db0899c62a80375e0e5413a74970c5e518b6986" },
]

[[package]]
name = "httpcore"
version = "1.0.9"
source = { registry = "https://mirrors.aliyun.com/pypi/simple/" }
dependencies = [
    { name = "certifi" },
    { name = "h11" },
]
sdist = { url = "https://mirrors.aliyun.com/pypi/packages/06/94/82699a10bca87a5556c9c59b5963f2d039dbd239f25bc2a63907a05a14cb/httpcore-1.0.9.tar.gz", hash = "sha256:6e34463af53fd2ab5d807f399a9b45ea31c3dfa2276f15a2c3f00afff6e176e8" }
wheels = [
    { url = "https://mirrors.aliyun.com/pypi/packages/7e/f5/f66802a942d491edb555dd61e3a9961140fd64c90bce1eafd741609d334d/httpcore-1.0.9-py3-none-any.whl", hash = "sha256:2d400746a40668fc9dec9810239072b40b4484b640a8c38fd654a024c7a1bf55" },
]

[[package]]
name = "httpx"
version = "0.28.1"
source = { registry = "https://mirrors.aliyun.com/pypi/simple/" }
dependencies = [
    { name = "anyio" },
    { name = "certifi" },
    { name = "httpcore" },
    { name = "idna" },
]
sdist = { url = "https://mirrors.aliyun.com/pypi/packages/b1/df/48c586a5fe32a0f01324ee087459e112ebb7224f646c0b5023f5e79e9956/httpx-0.28.1.tar.gz", hash = "sha256:75e98c5f16b0f35b567856f597f06ff2270a374470a5c2392242528e3e3e42fc" }
wheels = [
    { url = "https://mirrors.aliyun.com/pypi/packages/2a/39/e50c7c3a983047577ee07d2a9e53faf5a69493943ec3f6a384bdc792deb2/httpx-0.28.1-py3-none-any.whl", hash = "sha256:d909fcccc110f8c7faf814ca82a9a4d816bc5a6dbfea25d6591d6985b8ba59ad" },
]

[[package]]
name = "hyperframe"
version = "6.1.0"
source = { registry = "https://mirrors.aliyun.com/pypi/simple/" }
sdist = { url = "https://mirrors.aliyun.com/pypi/packages/02/e7/94f8232d4a74cc99514c13a9f995811485a6903d48e5d952771ef6322e30/hyperframe-6.1.0.tar.gz", hash = "sha256:f630908a00854a7adeabd6382b43923a4c4cd4b821fcb527e6ab9e15382a3b08" }
wheels = [
    { url = "https://mirrors.aliyun.com/pypi/packages/48/30/47d0bf6072f7252e6521f3447ccfa40b421b6824517f82854703d0f5a98b/hyperframe-6.1.0-py3-none-any.whl", hash = "sha256:b03380493a519fce58ea5af42e4a42317bf9bd425596f7a0835ffce80f1a42e5" },
]

[[package]]
name = "idna"
version = "3.20"
source = { registry = "https://mirrors.aliyun.com/pypi/simple/" }
sdist = { url = "https://mirrors.aliyun.com/pypi/packages/f5/08/8eea9d4b8302028f3abb2c0813953f7aec26d33b7a8960ed760e65ff29fa/idna-3.20.tar.gz", hash = "sha256:a7db850025b95ded1eae8a46181a1a6c56c92c96f0e2b005d9ff8dc0210cab44" }
wheels = [
    { url = "https://mirrors.aliyun.com/pypi/packages/58/a2/bb081bab032533a855d44de1d56f8e8426114ff1ba5d1f07a438a0a654f8/idna-3.20-py3-none-any.whl", hash = "sha256:ab7ae7122974553370f0bdb919e1a960b2cd1bc1ef0276416d896db81c14582c" },
]

[[package]]
name = "macholib"
version = "1.16.4"
source = { registry = "https://mirrors.aliyun.com/pypi/simple/" }
dependencies = [
    { name = "altgraph" },
]
sdist = { url = "https://mirrors.aliyun.com/pypi/packages/10/2f/97589876ea967487978071c9042518d28b958d87b17dceb7cdc1d881f963/macholib-1.16.4.tar.gz", hash = "sha256:f408c93ab2e995cd2c46e34fe328b130404be143469e41bc366c807448979362" }
wheels = [
    { url = "https://mirrors.aliyun.com/pypi/packages/c7/d1/a9f36f8ecdf0fb7c9b1e78c8d7af12b8c8754e74851ac7b94a8305540fc7/macholib-1.16.4-py2.py3-none-any.whl", hash = "sha256:da1a3fa8266e30f0ce7e97c6a54eefaae8edd1e5f86f3eb8b95457cae90265ea" },
]

[[package]]
name = "packaging"
version = "26.3"
source = { registry = "https://mirrors.aliyun.com/pypi/simple/" }
sdist = { url = "https://mirrors.aliyun.com/pypi/packages/7d/fa/3944b40b07da9ce895c0e6303a5ab7d53da063554f534556b134a54d6093/packaging-26.3.tar.gz", hash = "sha256:94edc256424af38762eb31306eed28beb9f0efc50a8837492c9d6fd6004aed79" }
wheels = [
    { url = "https://mirrors.aliyun.com/pypi/packages/63/34/ba1c580383c9eada3711951fef0795c80b829a078d72188184bcab9dd527/packaging-26.3-py3-none-any.whl", hash = "sha256:d7193f7c8e4e93f444fde0262bf90af30e16fa0ad0ad44cb553c87339b23cd1c" },
]

[[package]]
name = "pefile"
version = "2024.8.26"
source = { registry = "https://mirrors.aliyun.com/pypi/simple/" }
sdist = { url = "https://mirrors.aliyun.com/pypi/packages/03/4f/2750f7f6f025a1507cd3b7218691671eecfd0bbebebe8b39aa0fe1d360b8/pefile-2024.8.26.tar.gz", hash = "sha256:3ff6c5d8b43e8c37bb6e6dd5085658d658a7a0bdcd20b6a07b1fcfc1c4e9d632" }
wheels = [
    { url = "https://mirrors.aliyun.com/pypi/packages/54/16/12b82f791c7f50ddec566873d5bdd245baa1491bac11d15ffb98aecc8f8b/pefile-2024.8.26-py3-none-any.whl", hash = "sha256:76f8b485dcd3b1bb8166f1128d395fa3d87af26360c2358fb75b80019b957c6f" },
]

[[package]]
name = "pyinstaller"
version = "6.22.3"
source = { registry = "https://mirrors.aliyun.com/pypi/simple/" }
dependencies = [
    { name = "altgraph" },
    { name = "macholib", marker = "sys_platform == 'darwin'" },
    { name = "packaging" },
    { name = "pefile", marker = "sys_platform == 'win32'" },
    { name = "pyinstaller-hooks-contrib" },
    { name = "pywin32-ctypes", marker = "sys_platform == 'win32'" },
    { name = "setuptools" },
]
sdist = { url = "https://mirrors.aliyun.com/pypi/packages/63/41/f90302845945abd4ed647933ff5ee7c6ac93983187be67f897b6cb613331/pyinstaller-6.22.3.tar.gz", hash = "sha256:05eb2f5615503e72939a7224d68b4aff572c6b0438ee4a17d0a4b481f399362d" }
wheels = [
    { url = "https://mirrors.aliyun.com/pypi/packages/ec/af/898f70947e27f8e65d55183c780e77112e023c0b4a6fba6255d4d563a27d/pyinstaller-6.22.3-py3-none-macosx_10_13_universal2.whl", hash = "sha256:052f4a1cd4f81092ccb7a18fe8ebc9ecf832a5917317e39fb3775af4e959b253" },
    { url = "https://mirrors.aliyun.com/pypi/packages/c4/96/99f5184985141c2b024bfa61335e9142ae444555224f303186e59b7bb438/pyinstaller-6.22.3-py3-none-manylinux2014_aarch64.whl", hash = "sha256:312da84b4b31ab9750066a823734c11b7c68757fdd67c9f038bf19c330a954e4" },
    { url = "https://mirrors.aliyun.com/pypi/packages/69/9f/9ccb12cc1e6617042cb028fe79f0a756f5f03305bd14b584a4e043fe3844/pyinstaller-6.22.3-py3-none-manylinux2014_i686.whl", hash = "sha256:020d4fe0627f5c73dfbcfad1a6578ef354d5fe4bdccd9d8e5a615528f5a45d2b" },
    { url = "https://mirrors.aliyun.com/pypi/packages/c1/43/4b1d5193a88628c052db89f064433681076959a9f41d0d9f660001b49079/pyinstaller-6.22.3-py3-none-manylinux2014_ppc64le.whl", hash = "sha256:9e4f7bd64b2103f14b4a6240fb9155e9fe7bc61391b4043bbddb7d3ebc8ab0fa" },
    { url = "https://mirrors.aliyun.com/pypi/packages/cb/83/f173f8757c618d83e116fa2b8e57c5cd796e5ad09792e664eabd6ac5edae/pyinstaller-6.22.3-py3-none-manylinux2014_s390x.whl", hash = "sha256:f82d0fb89f21c3ed6f482ee16f341bc59e8a31dbabb9bae9ef04e53ade4dc0d9" },
    { url = "https://mirrors.aliyun.com/pypi/packages/7b/b6/dd21d61fc5e25377be24eabf13e99e4e46548a5abe2bf7b15d8b3d9cc74a/pyinstaller-6.22.3-py3-none-manylinux2014_x86_64.whl", hash = "sha256:451a4ae14b719365bf1a2f0a99dae7b3463060061c3a394c70d5264cfb439528" },
    { url = "https://mirrors.aliyun.com/pypi/packages/6c/fd/d9590942972b1fc205519f7ccffb0d5cd8eb1d6fa61edad319c71d25baed/pyinstaller-6.22.3-py3-none-musllinux_1_1_aarch64.whl", hash = "sha256:ea240b5dfa831ff673c97505eee0ec24670bccf71396c83109440348944c83d0" },
    { url = "https://mirrors.aliyun.com/pypi/packages/72/d6/f22c55d1768433b65c460b19a3136dd9769b6c74b786149b829344654c7d/pyinstaller-6.22.3-py3-none-musllinux_1_1_x86_64.whl", hash = "sha256:a2b6fc26601e8c2596c3d54981566934a3382e85d05d0fe91b55b6a8dcc6b282" },
    { url = "https://mirrors.aliyun.com/pypi/packages/c5/87/cf28cfd42ceca889171e6dd5e7f1553d4372db83d047049ffb7cf95fcbd4/pyinstaller-6.22.3-py3-none-win32.whl", hash = "sha256:46a3e30a118341a1ec20667a5a95aa7e0aa8c4fa129893c0151b3eb3f801a722" },
    { url = "https://mirrors.aliyun.com/pypi/packages/24/83/c5422204772a27aef643280fdc887b7ef55679989096b21dceb1b9625fc4/pyinstaller-6.22.3-py3-none-win_amd64.whl", hash = "sha256:500bd58c7bf7e584a8435adccbd763a0b918d5c12b08d74ff50fd79b2915458b" },
    { url = "https://mirrors.aliyun.com/pypi/packages/67/2e/ebc93968bf63f81b122e205da116b16036b653b7ce2cc8ad86e3ddd19586/pyinstaller-6.22.3-py3-none-win_arm64.whl", hash = "sha256:31df3cc4261e804a53d358b7897c293ec8b88b167a7cca06c78018085c855f97" },
]

[[package]]
name = "pyinstaller-hooks-contrib"
version = "2026.8"
source = { registry = "https://mirrors.aliyun.com/pypi/simple/" }
dependencies = [
    { name = "packaging" },
]
sdist = { url = "https://mirrors.aliyun.com/pypi/packages/c9/3b/fab1a12a21bf9223af012e5dd002b7d4265683d21d9fabbd0ccb347316e4/pyinstaller_hooks_contrib-2026.8.tar.gz", hash = "sha256:4d825786ad7a9b7dbcc52d612748a34562fe273461bcfd88f4d549c594bbf8f9" }
wheels = [
    { url = "https://mirrors.aliyun.com/pypi/packages/8f/f1/3eee0263b487e571aed9204257b45bc2a0b6fec34d0a1adade4d8d8a968c/pyinstaller_hooks_contrib-2026.8-py3-none-any.whl", hash = "sha256:6d21d65323ea4467753afc21f52d7d0e69416ae8101dd88269bf273ad48db084" },
]

[[package]]
name = "pyside6"
version = "6.12.0"
source = { registry = "https://mirrors.aliyun.com/pypi/simple/" }
dependencies = [
    { name = "pyside6-addons" },
    { name = "pyside6-essentials" },
    { name = "pyside6-pdf" },
    { name = "pyside6-webengine" },
]
wheels = [
    { url = "https://mirrors.aliyun.com/pypi/packages/fa/db/0722bbb81c3515dd0847fd66a7fb4760b13ad59c89e40b27b362ab5624e2/pyside6-6.12.0-cp310-abi3-macosx_14_0_universal2.whl", hash = "sha256:efea4c2f2aa54403c45de825865a902a1960a1cc9d5aaa92d4ebb8f4c4cd0708" },
    { url = "https://mirrors.aliyun.com/pypi/packages/2f/53/db0cabed1e70d0bc4666b8cbc2611b72bff2f9d2c4813820182621a8c6ee/pyside6-6.12.0-cp310-abi3-manylinux_2_34_x86_64.whl", hash = "sha256:d13ed4d0053cc20f3e4e0fdbf12790a9b7f958d7e22c0843411ecfa8c799e2a9" },
    { url = "https://mirrors.aliyun.com/pypi/packages/4d/8c/dfd4f339285d2e6c31067789b9b7dd2cee26c098ecc78ac7200fb04aa344/pyside6-6.12.0-cp310-abi3-manylinux_2_39_aarch64.whl", hash = "sha256:8920e163f60493e18822d20f1e01c7c4bcf9c1c5cfbc68284788896f692594f8" },
    { url = "https://mirrors.aliyun.com/pypi/packages/a1/da/8e8514fc29ea916c3cd71a524480b77409e19ed12d709e8a5d73be089b81/pyside6-6.12.0-cp310-abi3-win_amd64.whl", hash = "sha256:31a8d2893f2f28ab483b1534dde0438f27af6e234593de30425cb4729052d8f8" },
    { url = "https://mirrors.aliyun.com/pypi/packages/5f/2e/3ebafaf7f4ccea6f6ea9d017f7fc7d9484b79e6b31d1cb92f5f5262055f0/pyside6-6.12.0-cp310-abi3-win_arm64.whl", hash = "sha256:22e2ec6407f32b61955a28f91ab55676e60017210285c28f0c381bfeed389414" },
]

[[package]]
name = "pyside6-addons"
version = "6.12.0"
source = { registry = "https://mirrors.aliyun.com/pypi/simple/" }
dependencies = [
    { name = "pyside6-essentials" },
]
wheels = [
    { url = "https://mirrors.aliyun.com/pypi/packages/c3/16/c401d6455dbf49df37a8b142883e12d446abf51919c3e0ef5d9570e29160/pyside6_addons-6.12.0-cp310-abi3-macosx_14_0_universal2.whl", hash = "sha256:1d9bcd294ce1c9829194c7d13b01f771a2254b86cb3462cc3399321d2797fdac" },
    { url = "https://mirrors.aliyun.com/pypi/packages/ff/3e/0d6c5934de575286ac0699a701d4155048185035b8da0ee78d57a38bc7ef/pyside6_addons-6.12.0-cp310-abi3-manylinux_2_34_x86_64.whl", hash = "sha256:4ab38c0017f0453671a9313d3a53ca1c0e378924f54b07e596bcea94a9642391" },
    { url = "https://mirrors.aliyun.com/pypi/packages/94/14/b6c5683614601448c3ea8f19613ca378db75158ba594b662a8a8041e3e5f/pyside6_addons-6.12.0-cp310-abi3-manylinux_2_39_aarch64.whl", hash = "sha256:48cd0b639c06c9f79685f340ccae4319614b66d6efcdf06c2ce3836790d8c46e" },
    { url = "https://mirrors.aliyun.com/pypi/packages/02/41/ba3d52fe2acd942ebf71eb02b3bdf0897f7f6f4ce8f52289cb50228e48d3/pyside6_addons-6.12.0-cp310-abi3-win_amd64.whl", hash = "sha256:98d8d62010da6605344cee83e5c96fb846170a1f2d924523f10f5d92078b02b0" },
    { url = "https://mirrors.aliyun.com/pypi/packages/ea/73/860ab764368cd59b1a09cb891a9a4519425395ad1f6c47d83fde908fe603/pyside6_addons-6.12.0-cp310-abi3-win_arm64.whl", hash = "sha256:3c079cbaad2ad28bc5bfa92fd6bac4ba28d622b825825e3b4220f0682599b2db" },
]

[[package]]
name = "pyside6-essentials"
version = "6.12.0"
source = { registry = "https://mirrors.aliyun.com/pypi/simple/" }
dependencies = [
    { name = "shiboken6" },
]
wheels = [
    { url = "https://mirrors.aliyun.com/pypi/packages/e1/90/d528f8dd3f9f20712bc719e10c698d27c998e1dd76ed3f33b6fb606d0972/pyside6_essentials-6.12.0-cp310-abi3-macosx_14_0_universal2.whl", hash = "sha256:0867b709a724db28b161227c7d6ecb5ed10cc09226a53542417ac6dee1308239" },
    { url = "https://mirrors.aliyun.com/pypi/packages/7b/3c/7597d8dcb36aa8315427635ec6ec9d850ffbad4ce78b9118ac854889f2d3/pyside6_essentials-6.12.0-cp310-abi3-manylinux_2_34_x86_64.whl", hash = "sha256:16f4b5e41daf49235ae048458243da9efe5f3d8040f9cc5aa454ce69893d3bd9" },
    { url = "https://mirrors.aliyun.com/pypi/packages/5e/4e/f4fd4c016719be832ec49d3c87940459e87fd666179a0a199a3998d07916/pyside6_essentials-6.12.0-cp310-abi3-manylinux_2_39_aarch64.whl", hash = "sha256:08c5841063fc1df69b7fa1ee405f539e66576a83fc48004be3e2c5e35ccbfa69" },
    { url = "https://mirrors.aliyun.com/pypi/packages/03/61/9a7e32a37b224f68506785bfb0f288d516098ec71681782d72b695a6c95d/pyside6_essentials-6.12.0-cp310-abi3-win_amd64.whl", hash = "sha256:c9a95102aa23c1f86516a30d5a9be37552d324eee7e567eb7508973f1218cb42" },
    { url = "https://mirrors.aliyun.com/pypi/packages/92/11/43afb3d0e7c25dd09f0eb7e44f1283dadb5fa8d8b517249fe3fde02e6702/pyside6_essentials-6.12.0-cp310-abi3-win_arm64.whl", hash = "sha256:c76aa689989bf9bb9b45535e0a81c6733294df720b0eed1308fa30d2606b98cc" },
]

[[package]]
name = "pyside6-pdf"
version = "6.12.0.140"
source = { registry = "https://mirrors.aliyun.com/pypi/simple/" }
dependencies = [
    { name = "pyside6-essentials" },
]
wheels = [
    { url = "https://mirrors.aliyun.com/pypi/packages/58/33/23949c3b48af4b96b618e0502b7313ac52a782615db8dceae5bc2c516831/pyside6_pdf-6.12.0.140-cp310-abi3-macosx_14_0_universal2.whl", hash = "sha256:74287989dd24a82ac1604e27a2d4530a0ab71ff03cdf878c16fdbcf5144373fb" },
    { url = "https://mirrors.aliyun.com/pypi/packages/b4/f0/9b4f3cb0506641ea53210c7b635703f1c2c1e81c27074438105ff118f8e7/pyside6_pdf-6.12.0.140-cp310-abi3-manylinux_2_34_x86_64.whl", hash = "sha256:0c94370b6b9d65fbfe54f9d6d25df0677db0cdcfd0a842a63958a3603a42007c" },
    { url = "https://mirrors.aliyun.com/pypi/packages/39/cb/4a8cf3edb3f1b2396935573c02255be75f5605dcc77e9e3a201a6d6f26d7/pyside6_pdf-6.12.0.140-cp310-abi3-manylinux_2_39_aarch64.whl", hash = "sha256:2b63ee1f8ce3d3b2b648be2ebda483dd0fbca8d44c92a6c6f924033ac7fbde8c" },
    { url = "https://mirrors.aliyun.com/pypi/packages/0e/8a/3f5eab9eb9e6486f0334b100322bbd0aff432dd90ad7977a3910979a163f/pyside6_pdf-6.12.0.140-cp310-abi3-win_amd64.whl", hash = "sha256:4971ba1a0ca15e7c29cfd808e9600aeb46b2305dad01456eb09fa3197166268e" },
    { url = "https://mirrors.aliyun.com/pypi/packages/b2/87/5c29bdaf47bf0b0cee7f467e86ffeb07be5bf8aa2afd2ff6f0785d0515b4/pyside6_pdf-6.12.0.140-cp310-abi3-win_arm64.whl", hash = "sha256:ce6e4d858df1eb4e2adcbd8ba212f3611ce60f9978881fe10d417f36013a6ff9" },
]

[[package]]
name = "pyside6-webengine"
version = "6.12.0.140"
source = { registry = "https://mirrors.aliyun.com/pypi/simple/" }
dependencies = [
    { name = "pyside6-addons" },
]
wheels = [
    { url = "https://mirrors.aliyun.com/pypi/packages/08/37/3b50067bdcba5c22e20a8d7a029c919850c6d94f8398175b330c3b8765ad/pyside6_webengine-6.12.0.140-cp310-abi3-macosx_14_0_universal2.whl", hash = "sha256:9a1de2da360d1817c08e9400a2a2fc5234beb3022a22123e15355169e183074e" },
    { url = "https://mirrors.aliyun.com/pypi/packages/ce/e0/cb8b68b962afc253709ed61555d0a4f297fd6786c0e77921d2e951504210/pyside6_webengine-6.12.0.140-cp310-abi3-manylinux_2_34_x86_64.whl", hash = "sha256:c041c9921d7c91c9e51a2c027f434d05c3c59baa2c8f17b71dc8194e77791f06" },
    { url = "https://mirrors.aliyun.com/pypi/packages/1b/34/75944ed126293868fcbcc589fa2254e3310016920e5d32d21c29be021524/pyside6_webengine-6.12.0.140-cp310-abi3-manylinux_2_39_aarch64.whl", hash = "sha256:66a842ccb7f06fa7e357f6d4d63bc2739e3cbc1f93583f314e38c43024fe5f74" },
    { url = "https://mirrors.aliyun.com/pypi/packages/21/0d/260c7c286f2d4e8a49c099152a385414a872f022117f937824ca0a3f38e5/pyside6_webengine-6.12.0.140-cp310-abi3-win_amd64.whl", hash = "sha256:f9b61b1d457a591ee590a6b80515f25a3e61e2576a2a0a70566380f9d9de4ab0" },
    { url = "https://mirrors.aliyun.com/pypi/packages/76/34/7a2d1d7b95c96adf173c77d1862c2587789f7afb8754430fcfc2c9e4e47a/pyside6_webengine-6.12.0.140-cp310-abi3-win_arm64.whl", hash = "sha256:44d1fac2a057a71b8f947fc5177a95fab8a0ea4e2fda068f223a00fd0193a8c7" },
]

[[package]]
name = "pywin32-ctypes"
version = "0.2.3"
source = { registry = "https://mirrors.aliyun.com/pypi/simple/" }
sdist = { url = "https://mirrors.aliyun.com/pypi/packages/85/9f/01a1a99704853cb63f253eea009390c88e7131c67e66a0a02099a8c917cb/pywin32-ctypes-0.2.3.tar.gz", hash = "sha256:d162dc04946d704503b2edc4d55f3dba5c1d539ead017afa00142c38b9885755" }
wheels = [
    { url = "https://mirrors.aliyun.com/pypi/packages/de/3d/8161f7711c017e01ac9f008dfddd9410dff3674334c233bde66e7ba65bbf/pywin32_ctypes-0.2.3-py3-none-any.whl", hash = "sha256:8a1513379d709975552d202d942d9837758905c8d01eb82b8bcc30918929e7b8" },
]

[[package]]
name = "setuptools"
version = "84.0.0"
source = { registry = "https://mirrors.aliyun.com/pypi/simple/" }
sdist = { url = "https://mirrors.aliyun.com/pypi/packages/6d/44/f5da03a8ef95d369145c5bb53050e7877c9f3d312e128605fd9504829143/setuptools-84.0.0.tar.gz", hash = "sha256:f4695c21257f0d9b537ec2692c941d02ee143b7cc1276941349a546573b2ef73" }
wheels = [
    { url = "https://mirrors.aliyun.com/pypi/packages/95/9c/c510029fc6ef33a6275cd2c5d3cecd6613dfd6aa401d57c54f1c18852ccf/setuptools-84.0.0-py3-none-any.whl", hash = "sha256:51a52592b3b99e102b609654876bd65f19f999935166d1352678931132b0c670" },
]

[[package]]
name = "shiboken6"
version = "6.12.0"
source = { registry = "https://mirrors.aliyun.com/pypi/simple/" }
wheels = [
    { url = "https://mirrors.aliyun.com/pypi/packages/b5/45/11536fba5f50a57671eb14441c6098096f3e57074e54c9d7d66039a5831e/shiboken6-6.12.0-cp310-abi3-macosx_14_0_universal2.whl", hash = "sha256:47105e05baf57d35453e07d240bbe59cb4b8d9565377ea5134ff9fb37d4f5c02" },
    { url = "https://mirrors.aliyun.com/pypi/packages/49/c2/a04fa003b4360e99d8e3fc2829abacf37396ace63ea1cd616402209ec7c6/shiboken6-6.12.0-cp310-abi3-manylinux_2_34_x86_64.whl", hash = "sha256:3bde565bb0890044b5c7f63808adddede5abc241e9395a2bfed61919884d6240" },
    { url = "https://mirrors.aliyun.com/pypi/packages/97/ca/a4415e6218e0dff764fe2b2d30db2fc8f499a08ace07634232ade3f73adc/shiboken6-6.12.0-cp310-abi3-manylinux_2_39_aarch64.whl", hash = "sha256:ff72a72b3277b418902d562b987b33a6f6818bed9fe40a49d634d09bc67f620e" },
    { url = "https://mirrors.aliyun.com/pypi/packages/2a/b6/bee97e7a2edeab72aafabb46ee5adc939790a638d107860b4cad7a20e407/shiboken6-6.12.0-cp310-abi3-win_amd64.whl", hash = "sha256:a1906cb8116869178c64b6bab52623bbc8b4ceed7b30bfc3c9aa0f6e67f6438e" },
    { url = "https://mirrors.aliyun.com/pypi/packages/8c/d5/5894d35f8a470ca8acff0d1cd8f15b1c94cbfdfe0ce4a6ec0fcf10b95bd1/shiboken6-6.12.0-cp310-abi3-win_arm64.whl", hash = "sha256:da382e68f0815b31b6dc2bce11a465b148c4f42c37b91546a361de1576567d10" },
]

[[package]]
name = "typing-extensions"
version = "4.16.0"
source = { registry = "https://mirrors.aliyun.com/pypi/simple/" }
sdist = { url = "https://mirrors.aliyun.com/pypi/packages/f6/cc/6253133b5bb138fc3306cebfbda2c520f545d36b5be2c7255cc528bb45d6/typing_extensions-4.16.0.tar.gz", hash = "sha256:dc983d19a509c94dba722ee6abd33940f7c05a89e243c47e907eb4db6f1a43e5" }
wheels = [
    { url = "https://mirrors.aliyun.com/pypi/packages/49/d3/b8441a820a491ddfc024b0b0cf0393375b75ea13866d9c66727e54c2fc80/typing_extensions-4.16.0-py3-none-any.whl", hash = "sha256:481caa481374e813c1b176ada14e97f1f67a4539ce9cfeb3f350d78d6370c2e8" },
]
